
Microsoft Visual Studio Solution File, Format Version 12.00
# Visual Studio 14
VisualStudioVersion = 14.0.25420.1
MinimumVisualStudioVersion = 10.0.40219.1
Project("{2150E333-8FDC-42A3-9474-1A3956D46DE8}") = "SQL", "SQL", "{9FA1FF41-953F-4AA2-890A-3736ED8A3F71}"
	ProjectSection(SolutionItems) = preProject
		create.sql = create.sql
		createV2.sql = createV2.sql
	EndProjectSection
EndProject
Project("{2150E333-8FDC-42A3-9474-1A3956D46DE8}") = "Libs", "Libs", "{D0691091-FC72-4610-BA3F-6E5B0551C8BC}"
	ProjectSection(SolutionItems) = preProject
		Libs\DaTools.NameMaker.dll = Libs\DaTools.NameMaker.dll
	EndProjectSection
EndProject
Project("{2150E333-8FDC-42A3-9474-1A3956D46DE8}") = "Solution Items", "Solution Items", "{2445E12A-F435-47CB-BB87-95B9D59064B9}"
	ProjectSection(SolutionItems) = preProject
		README.md = README.md
	EndProjectSection
EndProject
Project("{FAE04EC0-301F-11D3-BF4B-00C04F79EFBC}") = "DaChessV2.Business", "DaChessV2.Business\DaChessV2.Business.csproj", "{30C14274-277A-4EB9-AA3A-0809AD12717B}"
EndProject
Project("{FAE04EC0-301F-11D3-BF4B-00C04F79EFBC}") = "DaChessV2.Dto", "DaChessV2.Dto\DaChessV2.Dto.csproj", "{563DC147-9660-4B83-87C6-14789D51E6C1}"
EndProject
Project("{FAE04EC0-301F-11D3-BF4B-00C04F79EFBC}") = "DaChessV2.Web", "DaChessV2.Web\DaChessV2.Web.csproj", "{75CA9C97-AC0B-44A7-AB7F-7FA0146394B7}"
EndProject
Global
	GlobalSection(SolutionConfigurationPlatforms) = preSolution
		Debug|Any CPU = Debug|Any CPU
		Release|Any CPU = Release|Any CPU
	EndGlobalSection
	GlobalSection(ProjectConfigurationPlatforms) = postSolution
		{30C14274-277A-4EB9-AA3A-0809AD12717B}.Debug|Any CPU.ActiveCfg = Debug|Any CPU
		{30C14274-277A-4EB9-AA3A-0809AD12717B}.Debug|Any CPU.Build.0 = Debug|Any CPU
		{30C14274-277A-4EB9-AA3A-0809AD12717B}.Release|Any CPU.ActiveCfg = Release|Any CPU
		{30C14274-277A-4EB9-AA3A-0809AD12717B}.Release|Any CPU.Build.0 = Release|Any CPU
		{563DC147-9660-4B83-87C6-14789D51E6C1}.Debug|Any CPU.ActiveCfg = Debug|Any CPU
		{563DC147-9660-4B83-87C6-14789D51E6C1}.Debug|Any CPU.Build.0 = Debug|Any CPU
		{563DC147-9660-4B83-87C6-14789D51E6C1}.Release|Any CPU.ActiveCfg = Release|Any CPU
		{563DC147-9660-4B83-87C6-14789D51E6C1}.Release|Any CPU.Build.0 = Release|Any CPU
		{75CA9C97-AC0B-44A7-AB7F-7FA0146394B7}.Debug|Any CPU.ActiveCfg = Debug|Any CPU
		{75CA9C97-AC0B-44A7-AB7F-7FA0146394B7}.Debug|Any CPU.Build.0 = Debug|Any CPU
		{75CA9C97-AC0B-44A7-AB7F-7FA0146394B7}.Release|Any CPU.ActiveCfg = Release|Any CPU
		{75CA9C97-AC0B-44A7-AB7F-7FA0146394B7}.Release|Any CPU.Build.0 = Release|Any CPU
	EndGlobalSection
	GlobalSection(SolutionProperties) = preSolution
		HideSolutionNode = FALSE
	EndGlobalSection
EndGlobal
